
Microsoft Visual Studio Solution File, Format Version 12.00
# Visual Studio 15
VisualStudioVersion = 15.0.27130.2027
MinimumVisualStudioVersion = 10.0.40219.1
Project("{9A19103F-16F7-4668-BE54-9A1E7A4F7556}") = "ImageGallery.API", "ImageGallery.API\ImageGallery.API.csproj", "{29695FB1-5005-4374-A06A-B65DEC3DD980}"
	ProjectSection(ProjectDependencies) = postProject
		{9B94131A-59C7-47C5-8BD4-836DA97107DA} = {9B94131A-59C7-47C5-8BD4-836DA97107DA}
	EndProjectSection
EndProject
Project("{9A19103F-16F7-4668-BE54-9A1E7A4F7556}") = "ImageGallery.Client", "ImageGallery.Client\ImageGallery.Client.csproj", "{396FD684-217B-44B5-A345-DECDAB00E520}"
EndProject
Project("{9A19103F-16F7-4668-BE54-9A1E7A4F7556}") = "ImageGallery.Model", "ImageGallery.Model\ImageGallery.Model.csproj", "{9B94131A-59C7-47C5-8BD4-836DA97107DA}"
EndProject
Project("{FAE04EC0-301F-11D3-BF4B-00C04F79EFBC}") = "Company.IDP", "Company.IDP\Company.IDP.csproj", "{AB98331E-DFE5-4C34-8F04-F5532EF7E63B}"
EndProject
Global
	GlobalSection(SolutionConfigurationPlatforms) = preSolution
		Debug|Any CPU = Debug|Any CPU
		Release|Any CPU = Release|Any CPU
	EndGlobalSection
	GlobalSection(ProjectConfigurationPlatforms) = postSolution
		{29695FB1-5005-4374-A06A-B65DEC3DD980}.Debug|Any CPU.ActiveCfg = Debug|Any CPU
		{29695FB1-5005-4374-A06A-B65DEC3DD980}.Debug|Any CPU.Build.0 = Debug|Any CPU
		{29695FB1-5005-4374-A06A-B65DEC3DD980}.Release|Any CPU.ActiveCfg = Release|Any CPU
		{29695FB1-5005-4374-A06A-B65DEC3DD980}.Release|Any CPU.Build.0 = Release|Any CPU
		{396FD684-217B-44B5-A345-DECDAB00E520}.Debug|Any CPU.ActiveCfg = Debug|Any CPU
		{396FD684-217B-44B5-A345-DECDAB00E520}.Debug|Any CPU.Build.0 = Debug|Any CPU
		{396FD684-217B-44B5-A345-DECDAB00E520}.Release|Any CPU.ActiveCfg = Release|Any CPU
		{396FD684-217B-44B5-A345-DECDAB00E520}.Release|Any CPU.Build.0 = Release|Any CPU
		{9B94131A-59C7-47C5-8BD4-836DA97107DA}.Debug|Any CPU.ActiveCfg = Debug|Any CPU
		{9B94131A-59C7-47C5-8BD4-836DA97107DA}.Debug|Any CPU.Build.0 = Debug|Any CPU
		{9B94131A-59C7-47C5-8BD4-836DA97107DA}.Release|Any CPU.ActiveCfg = Release|Any CPU
		{9B94131A-59C7-47C5-8BD4-836DA97107DA}.Release|Any CPU.Build.0 = Release|Any CPU
		{AB98331E-DFE5-4C34-8F04-F5532EF7E63B}.Debug|Any CPU.ActiveCfg = Debug|Any CPU
		{AB98331E-DFE5-4C34-8F04-F5532EF7E63B}.Debug|Any CPU.Build.0 = Debug|Any CPU
		{AB98331E-DFE5-4C34-8F04-F5532EF7E63B}.Release|Any CPU.ActiveCfg = Release|Any CPU
		{AB98331E-DFE5-4C34-8F04-F5532EF7E63B}.Release|Any CPU.Build.0 = Release|Any CPU
	EndGlobalSection
	GlobalSection(SolutionProperties) = preSolution
		HideSolutionNode = FALSE
	EndGlobalSection
	GlobalSection(ExtensibilityGlobals) = postSolution
		SolutionGuid = {BBDCDB6F-13C0-4FCD-B350-F1B85871F094}
	EndGlobalSection
EndGlobal
